// !$*UTF8*$!
{
	archiveVersion = 1;
	classes = {
	};
	objectVersion = 77;
	objects = {

/* Begin PBXContainerItemProxy section */
		83BB68642EBD6FD100AF3E1B /* PBXContainerItemProxy */ = {
			isa = PBXContainerItemProxy;
			containerPortal = 83BB684B2EBD6FD100AF3E1B /* Project object */;
			proxyType = 1;
			remoteGlobalIDString = 83BB68522EBD6FD100AF3E1B;
			remoteInfo = Travy;
		};
		83BB686E2EBD6FD100AF3E1B /* PBXContainerItemProxy */ = {
			isa = PBXContainerItemProxy;
			containerPortal = 83BB684B2EBD6FD100AF3E1B /* Project object */;
			proxyType = 1;
			remoteGlobalIDString = 83BB68522EBD6FD100AF3E1B;
			remoteInfo = Travy;
		};
/* End PBXContainerItemProxy section */

/* Begin PBXFileReference section */
		83BB68532EBD6FD100AF3E1B /* Travy.app */ = {isa = PBXFileReference; explicitFileType = wrapper.application; includeInIndex = 0; path = Travy.app; sourceTree = BUILT_PRODUCTS_DIR; };
		83BB68632EBD6FD100AF3E1B /* TravyTests.xctest */ = {isa = PBXFileReference; explicitFileType = wrapper.cfbundle; includeInIndex = 0; path = TravyTests.xctest; sourceTree = BUILT_PRODUCTS_DIR; };
		83BB686D2EBD6FD100AF3E1B /* TravyUITests.xctest */ = {isa = PBXFileReference; explicitFileType = wrapper.cfbundle; includeInIndex = 0; path = TravyUITests.xctest; sourceTree = BUILT_PRODUCTS_DIR; };
/* End PBXFileReference section */

/* Begin PBXFileSystemSynchronizedRootGroup section */
		83BB68552EBD6FD100AF3E1B /* Travy */ = {
			isa = PBXFileSystemSynchronizedRootGroup;
			path = Travy;
			sourceTree = "<group>";
		};
		83BB68662EBD6FD100AF3E1B /* TravyTests */ = {
			isa = PBXFileSystemSynchronizedRootGroup;
			path = TravyTests;
			sourceTree = "<group>";
		};
		83BB68702EBD6FD100AF3E1B /* TravyUITests */ = {
			isa = PBXFileSystemSynchronizedRootGroup;
			path = TravyUITests;
			sourceTree = "<group>";
		};
/* End PBXFileSystemSynchronizedRootGroup section */

/* Begin PBXFrameworksBuildPhase section */
		83BB68502EBD6FD100AF3E1B /* Frameworks */ = {
			isa = PBXFrameworksBuildPhase;
			buildActionMask = 2147483647;
			files = (
			);
			runOnlyForDeploymentPostprocessing = 0;
		};
		83BB68602EBD6FD100AF3E1B /* Frameworks */ = {
			isa = PBXFrameworksBuildPhase;
			buildActionMask = 2147483647;
			files = (
			);
			runOnlyForDeploymentPostprocessing = 0;
		};
		83BB686A2EBD6FD100AF3E1B /* Frameworks */ = {
			isa = PBXFrameworksBuildPhase;
			buildActionMask = 2147483647;
			files = (
			);
			runOnlyForDeploymentPostprocessing = 0;
		};
/* End PBXFrameworksBuildPhase section */

/* Begin PBXGroup section */
		83BB684A2EBD6FD100AF3E1B = {
			isa = PBXGroup;
			children = (
				83BB68552EBD6FD100AF3E1B /* Travy */,
				83BB68662EBD6FD100AF3E1B /* TravyTests */,
				83BB68702EBD6FD100AF3E1B /* TravyUITests */,
				83BB68542EBD6FD100AF3E1B /* Products */,
			);
			sourceTree = "<group>";
		};
		83BB68542EBD6FD100AF3E1B /* Products */ = {
			isa = PBXGroup;
			children = (
				83BB68532EBD6FD100AF3E1B /* Travy.app */,
				83BB68632EBD6FD100AF3E1B /* TravyTests.xctest */,
				83BB686D2EBD6FD100AF3E1B /* TravyUITests.xctest */,
			);
			name = Products;
			sourceTree = "<group>";
		};
/* End PBXGroup section */

/* Begin PBXNativeTarget section */
		83BB68522EBD6FD100AF3E1B /* Travy */ = {
			isa = PBXNativeTarget;
			buildConfigurationList = 83BB68772EBD6FD100AF3E1B /* Build configuration list for PBXNativeTarget "Travy" */;
			buildPhases = (
				83BB684F2EBD6FD100AF3E1B /* Sources */,
				83BB68502EBD6FD100AF3E1B /* Frameworks */,
				83BB68512EBD6FD100AF3E1B /* Resources */,
			);
			buildRules = (
			);
			dependencies = (
			);
			fileSystemSynchronizedGroups = (
				83BB68552EBD6FD100AF3E1B /* Travy */,
			);
			name = Travy;
			packageProductDependencies = (
			);
			productName = Travy;
			productReference = 83BB68532EBD6FD100AF3E1B /* Travy.app */;
			productType = "com.apple.product-type.application";
		};
		83BB68622EBD6FD100AF3E1B /* TravyTests */ = {
			isa = PBXNativeTarget;
			buildConfigurationList = 83BB687A2EBD6FD100AF3E1B /* Build configuration list for PBXNativeTarget "TravyTests" */;
			buildPhases = (
				83BB685F2EBD6FD100AF3E1B /* Sources */,
				83BB68602EBD6FD100AF3E1B /* Frameworks */,
				83BB68612EBD6FD100AF3E1B /* Resources */,
			);
			buildRules = (
			);
			dependencies = (
				83BB68652EBD6FD100AF3E1B /* PBXTargetDependency */,
			);
			fileSystemSynchronizedGroups = (
				83BB68662EBD6FD100AF3E1B /* TravyTests */,
			);
			name = TravyTests;
			packageProductDependencies = (
			);
			productName = TravyTests;
			productReference = 83BB68632EBD6FD100AF3E1B /* TravyTests.xctest */;
			productType = "com.apple.product-type.bundle.unit-test";
		};
		83BB686C2EBD6FD100AF3E1B /* TravyUITests */ = {
			isa = PBXNativeTarget;
			buildConfigurationList = 83BB687D2EBD6FD100AF3E1B /* Build configuration list for PBXNativeTarget "TravyUITests" */;
			buildPhases = (
				83BB68692EBD6FD100AF3E1B /* Sources */,
				83BB686A2EBD6FD100AF3E1B /* Frameworks */,
				83BB686B2EBD6FD100AF3E1B /* Resources */,
			);
			buildRules = (
			);
			dependencies = (
				83BB686F2EBD6FD100AF3E1B /* PBXTargetDependency */,
			);
			fileSystemSynchronizedGroups = (
				83BB68702EBD6FD100AF3E1B /* TravyUITests */,
			);
			name = TravyUITests;
			packageProductDependencies = (
			);
			productName = TravyUITests;
			productReference = 83BB686D2EBD6FD100AF3E1B /* TravyUITests.xctest */;
			productType = "com.apple.product-type.bundle.ui-testing";
		};
/* End PBXNativeTarget section */

/* Begin PBXProject section */
		83BB684B2EBD6FD100AF3E1B /* Project object */ = {
			isa = PBXProject;
			attributes = {
				BuildIndependentTargetsInParallel = 1;
				LastSwiftUpdateCheck = 1620;
				LastUpgradeCheck = 1620;
				TargetAttributes = {
					83BB68522EBD6FD100AF3E1B = {
						CreatedOnToolsVersion = 16.2;
					};
					83BB68622EBD6FD100AF3E1B = {
						CreatedOnToolsVersion = 16.2;
						TestTargetID = 83BB68522EBD6FD100AF3E1B;
					};
					83BB686C2EBD6FD100AF3E1B = {
						CreatedOnToolsVersion = 16.2;
						TestTargetID = 83BB68522EBD6FD100AF3E1B;
					};
				};
			};
			buildConfigurationList = 83BB684E2EBD6FD100AF3E1B /* Build configuration list for PBXProject "Travy" */;
			developmentRegion = en;
			hasScannedForEncodings = 0;
			knownRegions = (
				en,
				Base,
			);
			mainGroup = 83BB684A2EBD6FD100AF3E1B;
			minimizedProjectReferenceProxies = 1;
			preferredProjectObjectVersion = 77;
			productRefGroup = 83BB68542EBD6FD100AF3E1B /* Products */;
			projectDirPath = "";
			projectRoot = "";
			targets = (
				83BB68522EBD6FD100AF3E1B /* Travy */,
				83BB68622EBD6FD100AF3E1B /* TravyTests */,
				83BB686C2EBD6FD100AF3E1B /* TravyUITests */,
			);
		};
/* End PBXProject section */

/* Begin PBXResourcesBuildPhase section */
		83BB68512EBD6FD100AF3E1B /* Resources */ = {
			isa = PBXResourcesBuildPhase;
			buildActionMask = 2147483647;
			files = (
			);
			runOnlyForDeploymentPostprocessing = 0;
		};
		83BB68612EBD6FD100AF3E1B /* Resources */ = {
			isa = PBXResourcesBuildPhase;
			buildActionMask = 2147483647;
			files = (
			);
			runOnlyForDeploymentPostprocessing = 0;
		};
		83BB686B2EBD6FD100AF3E1B /* Resources */ = {
			isa = PBXResourcesBuildPhase;
			buildActionMask = 2147483647;
			files = (
			);
			runOnlyForDeploymentPostprocessing = 0;
		};
/* End PBXResourcesBuildPhase section */

/* Begin PBXSourcesBuildPhase section */
		83BB684F2EBD6FD100AF3E1B /* Sources */ = {
			isa = PBXSourcesBuildPhase;
			buildActionMask = 2147483647;
			files = (
			);
			runOnlyForDeploymentPostprocessing = 0;
		};
		83BB685F2EBD6FD100AF3E1B /* Sources */ = {
			isa = PBXSourcesBuildPhase;
			buildActionMask = 2147483647;
			files = (
			);
			runOnlyForDeploymentPostprocessing = 0;
		};
		83BB68692EBD6FD100AF3E1B /* Sources */ = {
			isa = PBXSourcesBuildPhase;
			buildActionMask = 2147483647;
			files = (
			);
			runOnlyForDeploymentPostprocessing = 0;
		};
/* End PBXSourcesBuildPhase section */

/* Begin PBXTargetDependency section */
		83BB68652EBD6FD100AF3E1B /* PBXTargetDependency */ = {
			isa = PBXTargetDependency;
			target = 83BB68522EBD6FD100AF3E1B /* Travy */;
			targetProxy = 83BB68642EBD6FD100AF3E1B /* PBXContainerItemProxy */;
		};
		83BB686F2EBD6FD100AF3E1B /* PBXTargetDependency */ = {
			isa = PBXTargetDependency;
			target = 83BB68522EBD6FD100AF3E1B /* Travy */;
			targetProxy = 83BB686E2EBD6FD100AF3E1B /* PBXContainerItemProxy */;
		};
/* End PBXTargetDependency section */

/* Begin XCBuildConfiguration section */
		83BB68752EBD6FD100AF3E1B /* Debug */ = {
			isa = XCBuildConfiguration;
			buildSettings = {
				ALWAYS_SEARCH_USER_PATHS = NO;
				ASSETCATALOG_COMPILER_GENERATE_SWIFT_ASSET_SYMBOL_EXTENSIONS = YES;
				CLANG_ANALYZER_NONNULL = YES;
				CLANG_ANALYZER_NUMBER_OBJECT_CONVERSION = YES_AGGRESSIVE;
				CLANG_CXX_LANGUAGE_STANDARD = "gnu++20";
				CLANG_ENABLE_MODULES = YES;
				CLANG_ENABLE_OBJC_ARC = YES;
				CLANG_ENABLE_OBJC_WEAK = YES;
				CLANG_WARN_BLOCK_CAPTURE_AUTORELEASING = YES;
				CLANG_WARN_BOOL_CONVERSION = YES;
				CLANG_WARN_COMMA = YES;
				CLANG_WARN_CONSTANT_CONVERSION = YES;
				CLANG_WARN_DEPRECATED_OBJC_IMPLEMENTATIONS = YES;
				CLANG_WARN_DIRECT_OBJC_ISA_USAGE = YES_ERROR;
				CLANG_WARN_DOCUMENTATION_COMMENTS = YES;
				CLANG_WARN_EMPTY_BODY = YES;
				CLANG_WARN_ENUM_CONVERSION = YES;
				CLANG_WARN_INFINITE_RECURSION = YES;
				CLANG_WARN_INT_CONVERSION = YES;
				CLANG_WARN_NON_LITERAL_NULL_CONVERSION = YES;
				CLANG_WARN_OBJC_IMPLICIT_RETAIN_SELF = YES;
				CLANG_WARN_OBJC_LITERAL_CONVERSION = YES;
				CLANG_WARN_OBJC_ROOT_CLASS = YES_ERROR;
				CLANG_WARN_QUOTED_INCLUDE_IN_FRAMEWORK_HEADER = YES;
				CLANG_WARN_RANGE_LOOP_ANALYSIS = YES;
				CLANG_WARN_STRICT_PROTOTYPES = YES;
				CLANG_WARN_SUSPICIOUS_MOVE = YES;
				CLANG_WARN_UNGUARDED_AVAILABILITY = YES_AGGRESSIVE;
				CLANG_WARN_UNREACHABLE_CODE = YES;
				CLANG_WARN__DUPLICATE_METHOD_MATCH = YES;
				COPY_PHASE_STRIP = NO;
				DEBUG_INFORMATION_FORMAT = dwarf;
				ENABLE_STRICT_OBJC_MSGSEND = YES;
				ENABLE_TESTABILITY = YES;
				ENABLE_USER_SCRIPT_SANDBOXING = YES;
				GCC_C_LANGUAGE_STANDARD = gnu17;
				GCC_DYNAMIC_NO_PIC = NO;
				GCC_NO_COMMON_BLOCKS = YES;
				GCC_OPTIMIZATION_LEVEL = 0;
				GCC_PREPROCESSOR_DEFINITIONS = (
					"DEBUG=1",
					"$(inherited)",
				);
				GCC_WARN_64_TO_32_BIT_CONVERSION = YES;
				GCC_WARN_ABOUT_RETURN_TYPE = YES_ERROR;
				GCC_WARN_UNDECLARED_SELECTOR = YES;
				GCC_WARN_UNINITIALIZED_AUTOS = YES_AGGRESSIVE;
				GCC_WARN_UNUSED_FUNCTION = YES;
				GCC_WARN_UNUSED_VARIABLE = YES;
				IPHONEOS_DEPLOYMENT_TARGET = 18.2;
				LOCALIZATION_PREFERS_STRING_CATALOGS = YES;
				MTL_ENABLE_DEBUG_INFO = INCLUDE_SOURCE;
				MTL_FAST_MATH = YES;
				ONLY_ACTIVE_ARCH = YES;
				SDKROOT = iphoneos;
				SWIFT_ACTIVE_COMPILATION_CONDITIONS = "DEBUG $(inherited)";
				SWIFT_OPTIMIZATION_LEVEL = "-Onone";
			};
			name = Debug;
		};
		83BB68762EBD6FD100AF3E1B /* Release */ = {
			isa = XCBuildConfiguration;
			buildSettings = {
				ALWAYS_SEARCH_USER_PATHS = NO;
				ASSETCATALOG_COMPILER_GENERATE_SWIFT_ASSET_SYMBOL_EXTENSIONS = YES;
				CLANG_ANALYZER_NONNULL = YES;
				CLANG_ANALYZER_NUMBER_OBJECT_CONVERSION = YES_AGGRESSIVE;
				CLANG_CXX_LANGUAGE_STANDARD = "gnu++20";
				CLANG_ENABLE_MODULES = YES;
				CLANG_ENABLE_OBJC_ARC = YES;
				CLANG_ENABLE_OBJC_WEAK = YES;
				CLANG_WARN_BLOCK_CAPTURE_AUTORELEASING = YES;
				CLANG_WARN_BOOL_CONVERSION = YES;
				CLANG_WARN_COMMA = YES;
				CLANG_WARN_CONSTANT_CONVERSION = YES;
				CLANG_WARN_DEPRECATED_OBJC_IMPLEMENTATIONS = YES;
				CLANG_WARN_DIRECT_OBJC_ISA_USAGE = YES_ERROR;
				CLANG_WARN_DOCUMENTATION_COMMENTS = YES;
				CLANG_WARN_EMPTY_BODY = YES;
				CLANG_WARN_ENUM_CONVERSION = YES;
				CLANG_WARN_INFINITE_RECURSION = YES;
				CLANG_WARN_INT_CONVERSION = YES;
				CLANG_WARN_NON_LITERAL_NULL_CONVERSION = YES;
				CLANG_WARN_OBJC_IMPLICIT_RETAIN_SELF = YES;
				CLANG_WARN_OBJC_LITERAL_CONVERSION = YES;
				CLANG_WARN_OBJC_ROOT_CLASS = YES_ERROR;
				CLANG_WARN_QUOTED_INCLUDE_IN_FRAMEWORK_HEADER = YES;
				CLANG_WARN_RANGE_LOOP_ANALYSIS = YES;
				CLANG_WARN_STRICT_PROTOTYPES = YES;
				CLANG_WARN_SUSPICIOUS_MOVE = YES;
				CLANG_WARN_UNGUARDED_AVAILABILITY = YES_AGGRESSIVE;
				CLANG_WARN_UNREACHABLE_CODE = YES;
				CLANG_WARN__DUPLICATE_METHOD_MATCH = YES;
				COPY_PHASE_STRIP = NO;
				DEBUG_INFORMATION_FORMAT = "dwarf-with-dsym";
				ENABLE_NS_ASSERTIONS = NO;
				ENABLE_STRICT_OBJC_MSGSEND = YES;
				ENABLE_USER_SCRIPT_SANDBOXING = YES;
				GCC_C_LANGUAGE_STANDARD = gnu17;
				GCC_NO_COMMON_BLOCKS = YES;
				GCC_WARN_64_TO_32_BIT_CONVERSION = YES;
				GCC_WARN_ABOUT_RETURN_TYPE = YES_ERROR;
				GCC_WARN_UNDECLARED_SELECTOR = YES;
				GCC_WARN_UNINITIALIZED_AUTOS = YES_AGGRESSIVE;
				GCC_WARN_UNUSED_FUNCTION = YES;
				GCC_WARN_UNUSED_VARIABLE = YES;
				IPHONEOS_DEPLOYMENT_TARGET = 18.2;
				LOCALIZATION_PREFERS_STRING_CATALOGS = YES;
				MTL_ENABLE_DEBUG_INFO = NO;
				MTL_FAST_MATH = YES;
				SDKROOT = iphoneos;
				SWIFT_COMPILATION_MODE = wholemodule;
				VALIDATE_PRODUCT = YES;
			};
			name = Release;
		};
		83BB68782EBD6FD100AF3E1B /* Debug */ = {
			isa = XCBuildConfiguration;
			buildSettings = {
				ASSETCATALOG_COMPILER_APPICON_NAME = AppIcon;
				ASSETCATALOG_COMPILER_GLOBAL_ACCENT_COLOR_NAME = AccentColor;
				CODE_SIGN_STYLE = Automatic;
				CURRENT_PROJECT_VERSION = 1;
				DEVELOPMENT_ASSET_PATHS = "\"Travy/Preview Content\"";
				DEVELOPMENT_TEAM = XN7KYHAH52;
				ENABLE_PREVIEWS = YES;
				GENERATE_INFOPLIST_FILE = YES;
				INFOPLIST_KEY_UIApplicationSceneManifest_Generation = YES;
				INFOPLIST_KEY_UIApplicationSupportsIndirectInputEvents = YES;
				INFOPLIST_KEY_UILaunchScreen_Generation = YES;
				INFOPLIST_KEY_UISupportedInterfaceOrientations_iPad = "UIInterfaceOrientationPortrait UIInterfaceOrientationPortraitUpsideDown UIInterfaceOrientationLandscapeLeft UIInterfaceOrientationLandscapeRight";
				INFOPLIST_KEY_UISupportedInterfaceOrientations_iPhone = "UIInterfaceOrientationPortrait UIInterfaceOrientationLandscapeLeft UIInterfaceOrientationLandscapeRight";
				LD_RUNPATH_SEARCH_PATHS = (
					"$(inherited)",
					"@executable_path/Frameworks",
				);
				MARKETING_VERSION = 1.0;
				PRODUCT_BUNDLE_IDENTIFIER = Furnace.Travy;
				PRODUCT_NAME = "$(TARGET_NAME)";
				SWIFT_EMIT_LOC_STRINGS = YES;
				SWIFT_VERSION = 5.0;
				TARGETED_DEVICE_FAMILY = "1,2";
			};
			name = Debug;
		};
		83BB68792EBD6FD100AF3E1B /* Release */ = {
			isa = XCBuildConfiguration;
			buildSettings = {
				ASSETCATALOG_COMPILER_APPICON_NAME = AppIcon;
				ASSETCATALOG_COMPILER_GLOBAL_ACCENT_COLOR_NAME = AccentColor;
				CODE_SIGN_STYLE = Automatic;
				CURRENT_PROJECT_VERSION = 1;
				DEVELOPMENT_ASSET_PATHS = "\"Travy/Preview Content\"";
				DEVELOPMENT_TEAM = XN7KYHAH52;
				ENABLE_PREVIEWS = YES;
				GENERATE_INFOPLIST_FILE = YES;
				INFOPLIST_KEY_UIApplicationSceneManifest_Generation = YES;
				INFOPLIST_KEY_UIApplicationSupportsIndirectInputEvents = YES;
				INFOPLIST_KEY_UILaunchScreen_Generation = YES;
				INFOPLIST_KEY_UISupportedInterfaceOrientations_iPad = "UIInterfaceOrientationPortrait UIInterfaceOrientationPortraitUpsideDown UIInterfaceOrientationLandscapeLeft UIInterfaceOrientationLandscapeRight";
				INFOPLIST_KEY_UISupportedInterfaceOrientations_iPhone = "UIInterfaceOrientationPortrait UIInterfaceOrientationLandscapeLeft UIInterfaceOrientationLandscapeRight";
				LD_RUNPATH_SEARCH_PATHS = (
					"$(inherited)",
					"@executable_path/Frameworks",
				);
				MARKETING_VERSION = 1.0;
				PRODUCT_BUNDLE_IDENTIFIER = Furnace.Travy;
				PRODUCT_NAME = "$(TARGET_NAME)";
				SWIFT_EMIT_LOC_STRINGS = YES;
				SWIFT_VERSION = 5.0;
				TARGETED_DEVICE_FAMILY = "1,2";
			};
			name = Release;
		};
		83BB687B2EBD6FD100AF3E1B /* Debug */ = {
			isa = XCBuildConfiguration;
			buildSettings = {
				BUNDLE_LOADER = "$(TEST_HOST)";
				CODE_SIGN_STYLE = Automatic;
				CURRENT_PROJECT_VERSION = 1;
				DEVELOPMENT_TEAM = XN7KYHAH52;
				GENERATE_INFOPLIST_FILE = YES;
				IPHONEOS_DEPLOYMENT_TARGET = 18.2;
				MARKETING_VERSION = 1.0;
				PRODUCT_BUNDLE_IDENTIFIER = Furnace.TravyTests;
				PRODUCT_NAME = "$(TARGET_NAME)";
				SWIFT_EMIT_LOC_STRINGS = NO;
				SWIFT_VERSION = 5.0;
				TARGETED_DEVICE_FAMILY = "1,2";
				TEST_HOST = "$(BUILT_PRODUCTS_DIR)/Travy.app/$(BUNDLE_EXECUTABLE_FOLDER_PATH)/Travy";
			};
			name = Debug;
		};
		83BB687C2EBD6FD100AF3E1B /* Release */ = {
			isa = XCBuildConfiguration;
			buildSettings = {
				BUNDLE_LOADER = "$(TEST_HOST)";
				CODE_SIGN_STYLE = Automatic;
				CURRENT_PROJECT_VERSION = 1;
				DEVELOPMENT_TEAM = XN7KYHAH52;
				GENERATE_INFOPLIST_FILE = YES;
				IPHONEOS_DEPLOYMENT_TARGET = 18.2;
				MARKETING_VERSION = 1.0;
				PRODUCT_BUNDLE_IDENTIFIER = Furnace.TravyTests;
				PRODUCT_NAME = "$(TARGET_NAME)";
				SWIFT_EMIT_LOC_STRINGS = NO;
				SWIFT_VERSION = 5.0;
				TARGETED_DEVICE_FAMILY = "1,2";
				TEST_HOST = "$(BUILT_PRODUCTS_DIR)/Travy.app/$(BUNDLE_EXECUTABLE_FOLDER_PATH)/Travy";
			};
			name = Release;
		};
		83BB687E2EBD6FD100AF3E1B /* Debug */ = {
			isa = XCBuildConfiguration;
			buildSettings = {
				CODE_SIGN_STYLE = Automatic;
				CURRENT_PROJECT_VERSION = 1;
				DEVELOPMENT_TEAM = XN7KYHAH52;
				GENERATE_INFOPLIST_FILE = YES;
				MARKETING_VERSION = 1.0;
				PRODUCT_BUNDLE_IDENTIFIER = Furnace.TravyUITests;
				PRODUCT_NAME = "$(TARGET_NAME)";
				SWIFT_EMIT_LOC_STRINGS = NO;
				SWIFT_VERSION = 5.0;
				TARGETED_DEVICE_FAMILY = "1,2";
				TEST_TARGET_NAME = Travy;
			};
			name = Debug;
		};
		83BB687F2EBD6FD100AF3E1B /* Release */ = {
			isa = XCBuildConfiguration;
			buildSettings = {
				CODE_SIGN_STYLE = Automatic;
				CURRENT_PROJECT_VERSION = 1;
				DEVELOPMENT_TEAM = XN7KYHAH52;
				GENERATE_INFOPLIST_FILE = YES;
				MARKETING_VERSION = 1.0;
				PRODUCT_BUNDLE_IDENTIFIER = Furnace.TravyUITests;
				PRODUCT_NAME = "$(TARGET_NAME)";
				SWIFT_EMIT_LOC_STRINGS = NO;
				SWIFT_VERSION = 5.0;
				TARGETED_DEVICE_FAMILY = "1,2";
				TEST_TARGET_NAME = Travy;
			};
			name = Release;
		};
/* End XCBuildConfiguration section */

/* Begin XCConfigurationList section */
		83BB684E2EBD6FD100AF3E1B /* Build configuration list for PBXProject "Travy" */ = {
			isa = XCConfigurationList;
			buildConfigurations = (
				83BB68752EBD6FD100AF3E1B /* Debug */,
				83BB68762EBD6FD100AF3E1B /* Release */,
			);
			defaultConfigurationIsVisible = 0;
			defaultConfigurationName = Release;
		};
		83BB68772EBD6FD100AF3E1B /* Build configuration list for PBXNativeTarget "Travy" */ = {
			isa = XCConfigurationList;
			buildConfigurations = (
				83BB68782EBD6FD100AF3E1B /* Debug */,
				83BB68792EBD6FD100AF3E1B /* Release */,
			);
			defaultConfigurationIsVisible = 0;
			defaultConfigurationName = Release;
		};
		83BB687A2EBD6FD100AF3E1B /* Build configuration list for PBXNativeTarget "TravyTests" */ = {
			isa = XCConfigurationList;
			buildConfigurations = (
				83BB687B2EBD6FD100AF3E1B /* Debug */,
				83BB687C2EBD6FD100AF3E1B /* Release */,
			);
			defaultConfigurationIsVisible = 0;
			defaultConfigurationName = Release;
		};
		83BB687D2EBD6FD100AF3E1B /* Build configuration list for PBXNativeTarget "TravyUITests" */ = {
			isa = XCConfigurationList;
			buildConfigurations = (
				83BB687E2EBD6FD100AF3E1B /* Debug */,
				83BB687F2EBD6FD100AF3E1B /* Release */,
			);
			defaultConfigurationIsVisible = 0;
			defaultConfigurationName = Release;
		};
/* End XCConfigurationList section */
	};
	rootObject = 83BB684B2EBD6FD100AF3E1B /* Project object */;
}
